
Microsoft Visual Studio Solution File, Format Version 12.00
# Visual Studio Version 16
VisualStudioVersion = 16.0.29306.81
MinimumVisualStudioVersion = 10.0.40219.1
Project("{8BC9CEB8-8B4A-11D0-8D11-00A0C91BC942}") = "Ctrl 2K Engine 0.0.1", "Ctrl 2K Engine 0.0.1\Ctrl 2K Engine 0.0.1.vcxproj", "{B8614A66-3B78-4FAB-B05B-CC96152FBBAB}"
	ProjectSection(ProjectDependencies) = postProject
		{9183C531-6F34-4BEC-A1E8-96A6613FFDCA} = {9183C531-6F34-4BEC-A1E8-96A6613FFDCA}
		{220B66C1-A7C9-4B8A-A6B7-1D71A2700D42} = {220B66C1-A7C9-4B8A-A6B7-1D71A2700D42}
	EndProjectSection
EndProject
Project("{8BC9CEB8-8B4A-11D0-8D11-00A0C91BC942}") = "Ctrl 2K Physics", "Ctrl 2K Engine 0.0.1\Ctrl 2K Physics.vcxproj", "{220B66C1-A7C9-4B8A-A6B7-1D71A2700D42}"
	ProjectSection(ProjectDependencies) = postProject
		{4FC5CA38-4069-48EF-85E2-2ED66EE13F54} = {4FC5CA38-4069-48EF-85E2-2ED66EE13F54}
	EndProjectSection
EndProject
Project("{8BC9CEB8-8B4A-11D0-8D11-00A0C91BC942}") = "Ctrl 2K Renderer", "Ctrl 2K Engine 0.0.1\Ctrl 2K Renderer.vcxproj", "{9183C531-6F34-4BEC-A1E8-96A6613FFDCA}"
	ProjectSection(ProjectDependencies) = postProject
		{4FC5CA38-4069-48EF-85E2-2ED66EE13F54} = {4FC5CA38-4069-48EF-85E2-2ED66EE13F54}
	EndProjectSection
EndProject
Project("{8BC9CEB8-8B4A-11D0-8D11-00A0C91BC942}") = "Ctrl Core", "Ctrl 2K Engine 0.0.1\Ctrl Core.vcxproj", "{4FC5CA38-4069-48EF-85E2-2ED66EE13F54}"
EndProject
Project("{8BC9CEB8-8B4A-11D0-8D11-00A0C91BC942}") = "Material", "Ctrl 2K Engine 0.0.1\Material.vcxproj", "{460D5759-6F03-499D-8A8F-DBC87004E0B4}"
EndProject
Project("{8BC9CEB8-8B4A-11D0-8D11-00A0C91BC942}") = "SunDial", "Ctrl 2K Engine 0.0.1\SunDial.vcxproj", "{EB11A967-DAB8-4DE2-894C-F5014E62137E}"
EndProject
Project("{8BC9CEB8-8B4A-11D0-8D11-00A0C91BC942}") = "GreatBath", "Ctrl 2K Engine 0.0.1\GreatBath.vcxproj", "{55BB3977-E4AA-4C08-B457-B1214977396C}"
EndProject
Project("{2150E333-8FDC-42A3-9474-1A3956D46DE8}") = "SunDial", "SunDial", "{A1C2A35E-4285-470E-AD90-009320CE8212}"
EndProject
Project("{8BC9CEB8-8B4A-11D0-8D11-00A0C91BC942}") = "SunDial Profiler", "Ctrl 2K Engine 0.0.1\SunDial Profiler.vcxproj", "{75CDE69C-F1E7-4CE0-B20D-65E9C5A9DBE1}"
EndProject
Project("{2150E333-8FDC-42A3-9474-1A3956D46DE8}") = "Assets", "Assets", "{26927F71-5167-41ED-8F46-A20AA59F0B40}"
EndProject
Project("{8BC9CEB8-8B4A-11D0-8D11-00A0C91BC942}") = "AssetsCore", "Ctrl 2K Engine 0.0.1\AssetsCore.vcxproj", "{FC37A3E4-4FBE-4088-9DE8-2318C80E81E6}"
EndProject
Global
	GlobalSection(SolutionConfigurationPlatforms) = preSolution
		Debug|x64 = Debug|x64
		Debug|x86 = Debug|x86
		Release|x64 = Release|x64
		Release|x86 = Release|x86
	EndGlobalSection
	GlobalSection(ProjectConfigurationPlatforms) = postSolution
		{B8614A66-3B78-4FAB-B05B-CC96152FBBAB}.Debug|x64.ActiveCfg = Debug|x64
		{B8614A66-3B78-4FAB-B05B-CC96152FBBAB}.Debug|x64.Build.0 = Debug|x64
		{B8614A66-3B78-4FAB-B05B-CC96152FBBAB}.Debug|x86.ActiveCfg = Debug|x64
		{B8614A66-3B78-4FAB-B05B-CC96152FBBAB}.Debug|x86.Build.0 = Debug|x64
		{B8614A66-3B78-4FAB-B05B-CC96152FBBAB}.Release|x64.ActiveCfg = Debug|x64
		{B8614A66-3B78-4FAB-B05B-CC96152FBBAB}.Release|x64.Build.0 = Debug|x64
		{B8614A66-3B78-4FAB-B05B-CC96152FBBAB}.Release|x86.ActiveCfg = Debug|x64
		{B8614A66-3B78-4FAB-B05B-CC96152FBBAB}.Release|x86.Build.0 = Debug|x64
		{220B66C1-A7C9-4B8A-A6B7-1D71A2700D42}.Debug|x64.ActiveCfg = Debug|x64
		{220B66C1-A7C9-4B8A-A6B7-1D71A2700D42}.Debug|x64.Build.0 = Debug|x64
		{220B66C1-A7C9-4B8A-A6B7-1D71A2700D42}.Debug|x86.ActiveCfg = Debug|x64
		{220B66C1-A7C9-4B8A-A6B7-1D71A2700D42}.Debug|x86.Build.0 = Debug|x64
		{220B66C1-A7C9-4B8A-A6B7-1D71A2700D42}.Release|x64.ActiveCfg = Debug|x64
		{220B66C1-A7C9-4B8A-A6B7-1D71A2700D42}.Release|x64.Build.0 = Debug|x64
		{220B66C1-A7C9-4B8A-A6B7-1D71A2700D42}.Release|x86.ActiveCfg = Debug|x64
		{220B66C1-A7C9-4B8A-A6B7-1D71A2700D42}.Release|x86.Build.0 = Debug|x64
		{9183C531-6F34-4BEC-A1E8-96A6613FFDCA}.Debug|x64.ActiveCfg = Debug|x64
		{9183C531-6F34-4BEC-A1E8-96A6613FFDCA}.Debug|x64.Build.0 = Debug|x64
		{9183C531-6F34-4BEC-A1E8-96A6613FFDCA}.Debug|x86.ActiveCfg = Debug|x64
		{9183C531-6F34-4BEC-A1E8-96A6613FFDCA}.Debug|x86.Build.0 = Debug|x64
		{9183C531-6F34-4BEC-A1E8-96A6613FFDCA}.Release|x64.ActiveCfg = Debug|x64
		{9183C531-6F34-4BEC-A1E8-96A6613FFDCA}.Release|x64.Build.0 = Debug|x64
		{9183C531-6F34-4BEC-A1E8-96A6613FFDCA}.Release|x86.ActiveCfg = Debug|x64
		{9183C531-6F34-4BEC-A1E8-96A6613FFDCA}.Release|x86.Build.0 = Debug|x64
		{4FC5CA38-4069-48EF-85E2-2ED66EE13F54}.Debug|x64.ActiveCfg = Debug|x64
		{4FC5CA38-4069-48EF-85E2-2ED66EE13F54}.Debug|x64.Build.0 = Debug|x64
		{4FC5CA38-4069-48EF-85E2-2ED66EE13F54}.Debug|x86.ActiveCfg = Debug|x64
		{4FC5CA38-4069-48EF-85E2-2ED66EE13F54}.Debug|x86.Build.0 = Debug|x64
		{4FC5CA38-4069-48EF-85E2-2ED66EE13F54}.Release|x64.ActiveCfg = Debug|x64
		{4FC5CA38-4069-48EF-85E2-2ED66EE13F54}.Release|x64.Build.0 = Debug|x64
		{4FC5CA38-4069-48EF-85E2-2ED66EE13F54}.Release|x86.ActiveCfg = Debug|x64
		{4FC5CA38-4069-48EF-85E2-2ED66EE13F54}.Release|x86.Build.0 = Debug|x64
		{460D5759-6F03-499D-8A8F-DBC87004E0B4}.Debug|x64.ActiveCfg = Debug|x64
		{460D5759-6F03-499D-8A8F-DBC87004E0B4}.Debug|x64.Build.0 = Debug|x64
		{460D5759-6F03-499D-8A8F-DBC87004E0B4}.Debug|x86.ActiveCfg = Debug|Win32
		{460D5759-6F03-499D-8A8F-DBC87004E0B4}.Debug|x86.Build.0 = Debug|Win32
		{460D5759-6F03-499D-8A8F-DBC87004E0B4}.Release|x64.ActiveCfg = Release|x64
		{460D5759-6F03-499D-8A8F-DBC87004E0B4}.Release|x64.Build.0 = Release|x64
		{460D5759-6F03-499D-8A8F-DBC87004E0B4}.Release|x86.ActiveCfg = Release|Win32
		{460D5759-6F03-499D-8A8F-DBC87004E0B4}.Release|x86.Build.0 = Release|Win32
		{EB11A967-DAB8-4DE2-894C-F5014E62137E}.Debug|x64.ActiveCfg = Debug|x64
		{EB11A967-DAB8-4DE2-894C-F5014E62137E}.Debug|x64.Build.0 = Debug|x64
		{EB11A967-DAB8-4DE2-894C-F5014E62137E}.Debug|x86.ActiveCfg = Debug|Win32
		{EB11A967-DAB8-4DE2-894C-F5014E62137E}.Debug|x86.Build.0 = Debug|Win32
		{EB11A967-DAB8-4DE2-894C-F5014E62137E}.Release|x64.ActiveCfg = Release|x64
		{EB11A967-DAB8-4DE2-894C-F5014E62137E}.Release|x64.Build.0 = Release|x64
		{EB11A967-DAB8-4DE2-894C-F5014E62137E}.Release|x86.ActiveCfg = Release|Win32
		{EB11A967-DAB8-4DE2-894C-F5014E62137E}.Release|x86.Build.0 = Release|Win32
		{55BB3977-E4AA-4C08-B457-B1214977396C}.Debug|x64.ActiveCfg = Debug|x64
		{55BB3977-E4AA-4C08-B457-B1214977396C}.Debug|x64.Build.0 = Debug|x64
		{55BB3977-E4AA-4C08-B457-B1214977396C}.Debug|x86.ActiveCfg = Debug|Win32
		{55BB3977-E4AA-4C08-B457-B1214977396C}.Debug|x86.Build.0 = Debug|Win32
		{55BB3977-E4AA-4C08-B457-B1214977396C}.Release|x64.ActiveCfg = Release|x64
		{55BB3977-E4AA-4C08-B457-B1214977396C}.Release|x64.Build.0 = Release|x64
		{55BB3977-E4AA-4C08-B457-B1214977396C}.Release|x86.ActiveCfg = Release|Win32
		{55BB3977-E4AA-4C08-B457-B1214977396C}.Release|x86.Build.0 = Release|Win32
		{75CDE69C-F1E7-4CE0-B20D-65E9C5A9DBE1}.Debug|x64.ActiveCfg = Debug|x64
		{75CDE69C-F1E7-4CE0-B20D-65E9C5A9DBE1}.Debug|x64.Build.0 = Debug|x64
		{75CDE69C-F1E7-4CE0-B20D-65E9C5A9DBE1}.Debug|x86.ActiveCfg = Debug|Win32
		{75CDE69C-F1E7-4CE0-B20D-65E9C5A9DBE1}.Debug|x86.Build.0 = Debug|Win32
		{75CDE69C-F1E7-4CE0-B20D-65E9C5A9DBE1}.Release|x64.ActiveCfg = Release|x64
		{75CDE69C-F1E7-4CE0-B20D-65E9C5A9DBE1}.Release|x64.Build.0 = Release|x64
		{75CDE69C-F1E7-4CE0-B20D-65E9C5A9DBE1}.Release|x86.ActiveCfg = Release|Win32
		{75CDE69C-F1E7-4CE0-B20D-65E9C5A9DBE1}.Release|x86.Build.0 = Release|Win32
		{FC37A3E4-4FBE-4088-9DE8-2318C80E81E6}.Debug|x64.ActiveCfg = Debug|x64
		{FC37A3E4-4FBE-4088-9DE8-2318C80E81E6}.Debug|x64.Build.0 = Debug|x64
		{FC37A3E4-4FBE-4088-9DE8-2318C80E81E6}.Debug|x86.ActiveCfg = Debug|Win32
		{FC37A3E4-4FBE-4088-9DE8-2318C80E81E6}.Debug|x86.Build.0 = Debug|Win32
		{FC37A3E4-4FBE-4088-9DE8-2318C80E81E6}.Release|x64.ActiveCfg = Release|x64
		{FC37A3E4-4FBE-4088-9DE8-2318C80E81E6}.Release|x64.Build.0 = Release|x64
		{FC37A3E4-4FBE-4088-9DE8-2318C80E81E6}.Release|x86.ActiveCfg = Release|Win32
		{FC37A3E4-4FBE-4088-9DE8-2318C80E81E6}.Release|x86.Build.0 = Release|Win32
	EndGlobalSection
	GlobalSection(SolutionProperties) = preSolution
		HideSolutionNode = FALSE
	EndGlobalSection
	GlobalSection(NestedProjects) = preSolution
		{460D5759-6F03-499D-8A8F-DBC87004E0B4} = {26927F71-5167-41ED-8F46-A20AA59F0B40}
		{EB11A967-DAB8-4DE2-894C-F5014E62137E} = {A1C2A35E-4285-470E-AD90-009320CE8212}
		{75CDE69C-F1E7-4CE0-B20D-65E9C5A9DBE1} = {A1C2A35E-4285-470E-AD90-009320CE8212}
		{FC37A3E4-4FBE-4088-9DE8-2318C80E81E6} = {26927F71-5167-41ED-8F46-A20AA59F0B40}
	EndGlobalSection
	GlobalSection(ExtensibilityGlobals) = postSolution
		SolutionGuid = {70BAD174-8BA7-4F92-9815-19B71A819840}
	EndGlobalSection
EndGlobal
