
Microsoft Visual Studio Solution File, Format Version 12.00
# Visual Studio Version 16
VisualStudioVersion = 16.0.34301.259
MinimumVisualStudioVersion = 10.0.40219.1
Project("{8BC9CEB8-8B4A-11D0-8D11-00A0C91BC942}") = "CtrlIntegrationTests", "CtrlIntegrationTests\CtrlIntegrationTests.vcxproj", "{D51E1264-0B39-4BAD-922C-283F3D795F97}"
EndProject
Project("{2150E333-8FDC-42A3-9474-1A3956D46DE8}") = "Core", "Core", "{AF2772D8-6A97-4870-B9C4-C84F69B4091A}"
EndProject
Project("{8BC9CEB8-8B4A-11D0-8D11-00A0C91BC942}") = "Monument", "Core\Monument\Monument.vcxproj", "{F769839C-583C-4BD8-99F4-4A19382E2DDD}"
EndProject
Project("{8BC9CEB8-8B4A-11D0-8D11-00A0C91BC942}") = "AncestralHall", "Core\AncestralHall\AncestralHall.vcxproj", "{385BC729-58FA-49D3-8609-0A33B280E111}"
EndProject
Global
	GlobalSection(SolutionConfigurationPlatforms) = preSolution
		Debug|x64 = Debug|x64
		Debug|x86 = Debug|x86
		Release|x64 = Release|x64
		Release|x86 = Release|x86
	EndGlobalSection
	GlobalSection(ProjectConfigurationPlatforms) = postSolution
		{D51E1264-0B39-4BAD-922C-283F3D795F97}.Debug|x64.ActiveCfg = Debug|x64
		{D51E1264-0B39-4BAD-922C-283F3D795F97}.Debug|x64.Build.0 = Debug|x64
		{D51E1264-0B39-4BAD-922C-283F3D795F97}.Debug|x86.ActiveCfg = Debug|Win32
		{D51E1264-0B39-4BAD-922C-283F3D795F97}.Debug|x86.Build.0 = Debug|Win32
		{D51E1264-0B39-4BAD-922C-283F3D795F97}.Release|x64.ActiveCfg = Release|x64
		{D51E1264-0B39-4BAD-922C-283F3D795F97}.Release|x64.Build.0 = Release|x64
		{D51E1264-0B39-4BAD-922C-283F3D795F97}.Release|x86.ActiveCfg = Release|Win32
		{D51E1264-0B39-4BAD-922C-283F3D795F97}.Release|x86.Build.0 = Release|Win32
		{F769839C-583C-4BD8-99F4-4A19382E2DDD}.Debug|x64.ActiveCfg = Debug|x64
		{F769839C-583C-4BD8-99F4-4A19382E2DDD}.Debug|x64.Build.0 = Debug|x64
		{F769839C-583C-4BD8-99F4-4A19382E2DDD}.Debug|x86.ActiveCfg = Debug|Win32
		{F769839C-583C-4BD8-99F4-4A19382E2DDD}.Debug|x86.Build.0 = Debug|Win32
		{F769839C-583C-4BD8-99F4-4A19382E2DDD}.Release|x64.ActiveCfg = Release|x64
		{F769839C-583C-4BD8-99F4-4A19382E2DDD}.Release|x64.Build.0 = Release|x64
		{F769839C-583C-4BD8-99F4-4A19382E2DDD}.Release|x86.ActiveCfg = Release|Win32
		{F769839C-583C-4BD8-99F4-4A19382E2DDD}.Release|x86.Build.0 = Release|Win32
		{385BC729-58FA-49D3-8609-0A33B280E111}.Debug|x64.ActiveCfg = Debug|x64
		{385BC729-58FA-49D3-8609-0A33B280E111}.Debug|x64.Build.0 = Debug|x64
		{385BC729-58FA-49D3-8609-0A33B280E111}.Debug|x86.ActiveCfg = Debug|Win32
		{385BC729-58FA-49D3-8609-0A33B280E111}.Debug|x86.Build.0 = Debug|Win32
		{385BC729-58FA-49D3-8609-0A33B280E111}.Release|x64.ActiveCfg = Release|x64
		{385BC729-58FA-49D3-8609-0A33B280E111}.Release|x64.Build.0 = Release|x64
		{385BC729-58FA-49D3-8609-0A33B280E111}.Release|x86.ActiveCfg = Release|Win32
		{385BC729-58FA-49D3-8609-0A33B280E111}.Release|x86.Build.0 = Release|Win32
	EndGlobalSection
	GlobalSection(SolutionProperties) = preSolution
		HideSolutionNode = FALSE
	EndGlobalSection
	GlobalSection(NestedProjects) = preSolution
		{F769839C-583C-4BD8-99F4-4A19382E2DDD} = {AF2772D8-6A97-4870-B9C4-C84F69B4091A}
		{385BC729-58FA-49D3-8609-0A33B280E111} = {AF2772D8-6A97-4870-B9C4-C84F69B4091A}
	EndGlobalSection
	GlobalSection(ExtensibilityGlobals) = postSolution
		SolutionGuid = {A20697B7-5DB7-4FAC-B370-7209D9F38788}
	EndGlobalSection
EndGlobal
