
Microsoft Visual Studio Solution File, Format Version 12.00
# Visual Studio Version 16
VisualStudioVersion = 16.0.29306.81
MinimumVisualStudioVersion = 10.0.40219.1
Project("{8BC9CEB8-8B4A-11D0-8D11-00A0C91BC942}") = "Ctrl 2K Engine 0.0.1", "Ctrl 2K Engine 0.0.1\Ctrl 2K Engine 0.0.1.vcxproj", "{B8614A66-3B78-4FAB-B05B-CC96152FBBAB}"
	ProjectSection(ProjectDependencies) = postProject
		{9183C531-6F34-4BEC-A1E8-96A6613FFDCA} = {9183C531-6F34-4BEC-A1E8-96A6613FFDCA}
		{220B66C1-A7C9-4B8A-A6B7-1D71A2700D42} = {220B66C1-A7C9-4B8A-A6B7-1D71A2700D42}
	EndProjectSection
EndProject
Project("{2150E333-8FDC-42A3-9474-1A3956D46DE8}") = "Assets", "Assets", "{26927F71-5167-41ED-8F46-A20AA59F0B40}"
EndProject
Project("{2150E333-8FDC-42A3-9474-1A3956D46DE8}") = "Core", "Core", "{EFEC0CF7-F3B7-4C5B-A685-2441C61A6147}"
EndProject
Project("{8BC9CEB8-8B4A-11D0-8D11-00A0C91BC942}") = "Petra", "Core\Petra\Petra.vcxproj", "{15AD7AFD-0DDB-4B7C-823F-3B54CF4D41AF}"
EndProject
Project("{8BC9CEB8-8B4A-11D0-8D11-00A0C91BC942}") = "CtrlMiscUtils", "Core\CtrlMiscUtils\CtrlMiscUtils.vcxproj", "{385BC729-58FA-49D3-8609-0A33B280E111}"
EndProject
Project("{8BC9CEB8-8B4A-11D0-8D11-00A0C91BC942}") = "GreatBath", "Core\GreatBath\GreatBath.vcxproj", "{55BB3977-E4AA-4C08-B457-B1214977396C}"
EndProject
Project("{8BC9CEB8-8B4A-11D0-8D11-00A0C91BC942}") = "SunDial", "Core\SunDial\SunDial.vcxproj", "{EB11A967-DAB8-4DE2-894C-F5014E62137E}"
EndProject
Project("{2150E333-8FDC-42A3-9474-1A3956D46DE8}") = "Tools", "Tools", "{3563BD10-00F7-4A33-8B02-4D6FE68EABB8}"
EndProject
Project("{8BC9CEB8-8B4A-11D0-8D11-00A0C91BC942}") = "AssetsCore", "Assets\AssetsCore\AssetsCore.vcxproj", "{FC37A3E4-4FBE-4088-9DE8-2318C80E81E6}"
EndProject
Project("{8BC9CEB8-8B4A-11D0-8D11-00A0C91BC942}") = "Material", "Assets\Material\Material.vcxproj", "{460D5759-6F03-499D-8A8F-DBC87004E0B4}"
EndProject
Project("{8BC9CEB8-8B4A-11D0-8D11-00A0C91BC942}") = "Ctrl 2K Physics", "Ctrl 2K Physics\Ctrl 2K Physics.vcxproj", "{220B66C1-A7C9-4B8A-A6B7-1D71A2700D42}"
EndProject
Project("{8BC9CEB8-8B4A-11D0-8D11-00A0C91BC942}") = "Ctrl 2K Renderer", "Ctrl 2K Renderer\Ctrl 2K Renderer.vcxproj", "{9183C531-6F34-4BEC-A1E8-96A6613FFDCA}"
EndProject
Project("{8BC9CEB8-8B4A-11D0-8D11-00A0C91BC942}") = "Ctrl Core", "Ctrl Core\Ctrl Core.vcxproj", "{4FC5CA38-4069-48EF-85E2-2ED66EE13F54}"
EndProject
Project("{8BC9CEB8-8B4A-11D0-8D11-00A0C91BC942}") = "Monument", "Core\Monument\Monument.vcxproj", "{F769839C-583C-4BD8-99F4-4A19382E2DDD}"
EndProject
Project("{8BC9CEB8-8B4A-11D0-8D11-00A0C91BC942}") = "RuhrValley", "Tools\RuhrValley\RuhrValley.vcxproj", "{75CDE69C-F1E7-4CE0-B20D-65E9C5A9DBE1}"
EndProject
Global
	GlobalSection(SolutionConfigurationPlatforms) = preSolution
		Debug|x64 = Debug|x64
		Debug|x86 = Debug|x86
		Release|x64 = Release|x64
		Release|x86 = Release|x86
	EndGlobalSection
	GlobalSection(ProjectConfigurationPlatforms) = postSolution
		{B8614A66-3B78-4FAB-B05B-CC96152FBBAB}.Debug|x64.ActiveCfg = Debug|x64
		{B8614A66-3B78-4FAB-B05B-CC96152FBBAB}.Debug|x64.Build.0 = Debug|x64
		{B8614A66-3B78-4FAB-B05B-CC96152FBBAB}.Debug|x86.ActiveCfg = Debug|x64
		{B8614A66-3B78-4FAB-B05B-CC96152FBBAB}.Debug|x86.Build.0 = Debug|x64
		{B8614A66-3B78-4FAB-B05B-CC96152FBBAB}.Release|x64.ActiveCfg = Debug|x64
		{B8614A66-3B78-4FAB-B05B-CC96152FBBAB}.Release|x64.Build.0 = Debug|x64
		{B8614A66-3B78-4FAB-B05B-CC96152FBBAB}.Release|x86.ActiveCfg = Debug|x64
		{B8614A66-3B78-4FAB-B05B-CC96152FBBAB}.Release|x86.Build.0 = Debug|x64
		{15AD7AFD-0DDB-4B7C-823F-3B54CF4D41AF}.Debug|x64.ActiveCfg = Debug|x64
		{15AD7AFD-0DDB-4B7C-823F-3B54CF4D41AF}.Debug|x64.Build.0 = Debug|x64
		{15AD7AFD-0DDB-4B7C-823F-3B54CF4D41AF}.Debug|x86.ActiveCfg = Debug|Win32
		{15AD7AFD-0DDB-4B7C-823F-3B54CF4D41AF}.Debug|x86.Build.0 = Debug|Win32
		{15AD7AFD-0DDB-4B7C-823F-3B54CF4D41AF}.Release|x64.ActiveCfg = Release|x64
		{15AD7AFD-0DDB-4B7C-823F-3B54CF4D41AF}.Release|x64.Build.0 = Release|x64
		{15AD7AFD-0DDB-4B7C-823F-3B54CF4D41AF}.Release|x86.ActiveCfg = Release|Win32
		{15AD7AFD-0DDB-4B7C-823F-3B54CF4D41AF}.Release|x86.Build.0 = Release|Win32
		{385BC729-58FA-49D3-8609-0A33B280E111}.Debug|x64.ActiveCfg = Debug|x64
		{385BC729-58FA-49D3-8609-0A33B280E111}.Debug|x64.Build.0 = Debug|x64
		{385BC729-58FA-49D3-8609-0A33B280E111}.Debug|x86.ActiveCfg = Debug|Win32
		{385BC729-58FA-49D3-8609-0A33B280E111}.Debug|x86.Build.0 = Debug|Win32
		{385BC729-58FA-49D3-8609-0A33B280E111}.Release|x64.ActiveCfg = Release|x64
		{385BC729-58FA-49D3-8609-0A33B280E111}.Release|x64.Build.0 = Release|x64
		{385BC729-58FA-49D3-8609-0A33B280E111}.Release|x86.ActiveCfg = Release|Win32
		{385BC729-58FA-49D3-8609-0A33B280E111}.Release|x86.Build.0 = Release|Win32
		{55BB3977-E4AA-4C08-B457-B1214977396C}.Debug|x64.ActiveCfg = Debug|x64
		{55BB3977-E4AA-4C08-B457-B1214977396C}.Debug|x64.Build.0 = Debug|x64
		{55BB3977-E4AA-4C08-B457-B1214977396C}.Debug|x86.ActiveCfg = Debug|Win32
		{55BB3977-E4AA-4C08-B457-B1214977396C}.Debug|x86.Build.0 = Debug|Win32
		{55BB3977-E4AA-4C08-B457-B1214977396C}.Release|x64.ActiveCfg = Release|x64
		{55BB3977-E4AA-4C08-B457-B1214977396C}.Release|x64.Build.0 = Release|x64
		{55BB3977-E4AA-4C08-B457-B1214977396C}.Release|x86.ActiveCfg = Release|Win32
		{55BB3977-E4AA-4C08-B457-B1214977396C}.Release|x86.Build.0 = Release|Win32
		{EB11A967-DAB8-4DE2-894C-F5014E62137E}.Debug|x64.ActiveCfg = Debug|x64
		{EB11A967-DAB8-4DE2-894C-F5014E62137E}.Debug|x64.Build.0 = Debug|x64
		{EB11A967-DAB8-4DE2-894C-F5014E62137E}.Debug|x86.ActiveCfg = Debug|Win32
		{EB11A967-DAB8-4DE2-894C-F5014E62137E}.Debug|x86.Build.0 = Debug|Win32
		{EB11A967-DAB8-4DE2-894C-F5014E62137E}.Release|x64.ActiveCfg = Release|x64
		{EB11A967-DAB8-4DE2-894C-F5014E62137E}.Release|x64.Build.0 = Release|x64
		{EB11A967-DAB8-4DE2-894C-F5014E62137E}.Release|x86.ActiveCfg = Release|Win32
		{EB11A967-DAB8-4DE2-894C-F5014E62137E}.Release|x86.Build.0 = Release|Win32
		{FC37A3E4-4FBE-4088-9DE8-2318C80E81E6}.Debug|x64.ActiveCfg = Debug|x64
		{FC37A3E4-4FBE-4088-9DE8-2318C80E81E6}.Debug|x64.Build.0 = Debug|x64
		{FC37A3E4-4FBE-4088-9DE8-2318C80E81E6}.Debug|x86.ActiveCfg = Debug|Win32
		{FC37A3E4-4FBE-4088-9DE8-2318C80E81E6}.Debug|x86.Build.0 = Debug|Win32
		{FC37A3E4-4FBE-4088-9DE8-2318C80E81E6}.Release|x64.ActiveCfg = Release|x64
		{FC37A3E4-4FBE-4088-9DE8-2318C80E81E6}.Release|x64.Build.0 = Release|x64
		{FC37A3E4-4FBE-4088-9DE8-2318C80E81E6}.Release|x86.ActiveCfg = Release|Win32
		{FC37A3E4-4FBE-4088-9DE8-2318C80E81E6}.Release|x86.Build.0 = Release|Win32
		{460D5759-6F03-499D-8A8F-DBC87004E0B4}.Debug|x64.ActiveCfg = Debug|x64
		{460D5759-6F03-499D-8A8F-DBC87004E0B4}.Debug|x64.Build.0 = Debug|x64
		{460D5759-6F03-499D-8A8F-DBC87004E0B4}.Debug|x86.ActiveCfg = Debug|Win32
		{460D5759-6F03-499D-8A8F-DBC87004E0B4}.Debug|x86.Build.0 = Debug|Win32
		{460D5759-6F03-499D-8A8F-DBC87004E0B4}.Release|x64.ActiveCfg = Release|x64
		{460D5759-6F03-499D-8A8F-DBC87004E0B4}.Release|x64.Build.0 = Release|x64
		{460D5759-6F03-499D-8A8F-DBC87004E0B4}.Release|x86.ActiveCfg = Release|Win32
		{460D5759-6F03-499D-8A8F-DBC87004E0B4}.Release|x86.Build.0 = Release|Win32
		{220B66C1-A7C9-4B8A-A6B7-1D71A2700D42}.Debug|x64.ActiveCfg = Debug|x64
		{220B66C1-A7C9-4B8A-A6B7-1D71A2700D42}.Debug|x64.Build.0 = Debug|x64
		{220B66C1-A7C9-4B8A-A6B7-1D71A2700D42}.Debug|x86.ActiveCfg = Debug|Win32
		{220B66C1-A7C9-4B8A-A6B7-1D71A2700D42}.Debug|x86.Build.0 = Debug|Win32
		{220B66C1-A7C9-4B8A-A6B7-1D71A2700D42}.Release|x64.ActiveCfg = Release|x64
		{220B66C1-A7C9-4B8A-A6B7-1D71A2700D42}.Release|x64.Build.0 = Release|x64
		{220B66C1-A7C9-4B8A-A6B7-1D71A2700D42}.Release|x86.ActiveCfg = Release|Win32
		{220B66C1-A7C9-4B8A-A6B7-1D71A2700D42}.Release|x86.Build.0 = Release|Win32
		{9183C531-6F34-4BEC-A1E8-96A6613FFDCA}.Debug|x64.ActiveCfg = Debug|x64
		{9183C531-6F34-4BEC-A1E8-96A6613FFDCA}.Debug|x64.Build.0 = Debug|x64
		{9183C531-6F34-4BEC-A1E8-96A6613FFDCA}.Debug|x86.ActiveCfg = Debug|Win32
		{9183C531-6F34-4BEC-A1E8-96A6613FFDCA}.Debug|x86.Build.0 = Debug|Win32
		{9183C531-6F34-4BEC-A1E8-96A6613FFDCA}.Release|x64.ActiveCfg = Release|x64
		{9183C531-6F34-4BEC-A1E8-96A6613FFDCA}.Release|x64.Build.0 = Release|x64
		{9183C531-6F34-4BEC-A1E8-96A6613FFDCA}.Release|x86.ActiveCfg = Release|Win32
		{9183C531-6F34-4BEC-A1E8-96A6613FFDCA}.Release|x86.Build.0 = Release|Win32
		{4FC5CA38-4069-48EF-85E2-2ED66EE13F54}.Debug|x64.ActiveCfg = Debug|x64
		{4FC5CA38-4069-48EF-85E2-2ED66EE13F54}.Debug|x64.Build.0 = Debug|x64
		{4FC5CA38-4069-48EF-85E2-2ED66EE13F54}.Debug|x86.ActiveCfg = Debug|Win32
		{4FC5CA38-4069-48EF-85E2-2ED66EE13F54}.Debug|x86.Build.0 = Debug|Win32
		{4FC5CA38-4069-48EF-85E2-2ED66EE13F54}.Release|x64.ActiveCfg = Release|x64
		{4FC5CA38-4069-48EF-85E2-2ED66EE13F54}.Release|x64.Build.0 = Release|x64
		{4FC5CA38-4069-48EF-85E2-2ED66EE13F54}.Release|x86.ActiveCfg = Release|Win32
		{4FC5CA38-4069-48EF-85E2-2ED66EE13F54}.Release|x86.Build.0 = Release|Win32
		{F769839C-583C-4BD8-99F4-4A19382E2DDD}.Debug|x64.ActiveCfg = Debug|x64
		{F769839C-583C-4BD8-99F4-4A19382E2DDD}.Debug|x64.Build.0 = Debug|x64
		{F769839C-583C-4BD8-99F4-4A19382E2DDD}.Debug|x86.ActiveCfg = Debug|Win32
		{F769839C-583C-4BD8-99F4-4A19382E2DDD}.Debug|x86.Build.0 = Debug|Win32
		{F769839C-583C-4BD8-99F4-4A19382E2DDD}.Release|x64.ActiveCfg = Release|x64
		{F769839C-583C-4BD8-99F4-4A19382E2DDD}.Release|x64.Build.0 = Release|x64
		{F769839C-583C-4BD8-99F4-4A19382E2DDD}.Release|x86.ActiveCfg = Release|Win32
		{F769839C-583C-4BD8-99F4-4A19382E2DDD}.Release|x86.Build.0 = Release|Win32
		{75CDE69C-F1E7-4CE0-B20D-65E9C5A9DBE1}.Debug|x64.ActiveCfg = Debug|x64
		{75CDE69C-F1E7-4CE0-B20D-65E9C5A9DBE1}.Debug|x64.Build.0 = Debug|x64
		{75CDE69C-F1E7-4CE0-B20D-65E9C5A9DBE1}.Debug|x86.ActiveCfg = Debug|Win32
		{75CDE69C-F1E7-4CE0-B20D-65E9C5A9DBE1}.Debug|x86.Build.0 = Debug|Win32
		{75CDE69C-F1E7-4CE0-B20D-65E9C5A9DBE1}.Release|x64.ActiveCfg = Release|x64
		{75CDE69C-F1E7-4CE0-B20D-65E9C5A9DBE1}.Release|x64.Build.0 = Release|x64
		{75CDE69C-F1E7-4CE0-B20D-65E9C5A9DBE1}.Release|x86.ActiveCfg = Release|Win32
		{75CDE69C-F1E7-4CE0-B20D-65E9C5A9DBE1}.Release|x86.Build.0 = Release|Win32
	EndGlobalSection
	GlobalSection(SolutionProperties) = preSolution
		HideSolutionNode = FALSE
	EndGlobalSection
	GlobalSection(NestedProjects) = preSolution
		{15AD7AFD-0DDB-4B7C-823F-3B54CF4D41AF} = {EFEC0CF7-F3B7-4C5B-A685-2441C61A6147}
		{385BC729-58FA-49D3-8609-0A33B280E111} = {EFEC0CF7-F3B7-4C5B-A685-2441C61A6147}
		{55BB3977-E4AA-4C08-B457-B1214977396C} = {EFEC0CF7-F3B7-4C5B-A685-2441C61A6147}
		{EB11A967-DAB8-4DE2-894C-F5014E62137E} = {EFEC0CF7-F3B7-4C5B-A685-2441C61A6147}
		{FC37A3E4-4FBE-4088-9DE8-2318C80E81E6} = {26927F71-5167-41ED-8F46-A20AA59F0B40}
		{460D5759-6F03-499D-8A8F-DBC87004E0B4} = {26927F71-5167-41ED-8F46-A20AA59F0B40}
		{F769839C-583C-4BD8-99F4-4A19382E2DDD} = {EFEC0CF7-F3B7-4C5B-A685-2441C61A6147}
		{75CDE69C-F1E7-4CE0-B20D-65E9C5A9DBE1} = {3563BD10-00F7-4A33-8B02-4D6FE68EABB8}
	EndGlobalSection
	GlobalSection(ExtensibilityGlobals) = postSolution
		SolutionGuid = {70BAD174-8BA7-4F92-9815-19B71A819840}
	EndGlobalSection
EndGlobal
